<Solution>
  <Project Path="ejercicio1,11/ejercicio1,11.csproj" />
  <Project Path="ejercicio2,11/ejercicio2,11.csproj" />
  <Project Path="Ejercicio3,11/Ejercicio3,11.csproj" />
  <Project Path="Ejercicio4,11/Ejercicio4,11.csproj" />
  <Project Path="Ejercicio5,11/Ejercicio5,11.csproj" />
</Solution>
